
Microsoft Visual Studio Solution File, Format Version 12.00
Project("{FAE04EC0-301F-11D3-BF4B-00C04F79EFBC}") = "ConsoleApp", "ConsoleApp\ConsoleApp.csproj", "{361BC019-DD45-4F6F-819D-699C6EB4B72B}"
EndProject
Project("{FAE04EC0-301F-11D3-BF4B-00C04F79EFBC}") = "Domain", "Domain\Domain.csproj", "{126AC443-4C38-49D3-B032-17E4083595C0}"
EndProject
Project("{FAE04EC0-301F-11D3-BF4B-00C04F79EFBC}") = "Persistence", "Persistence\Persistence.csproj", "{CDDD6921-971E-434E-B75A-1CEA2F44DE98}"
EndProject
Project("{FAE04EC0-301F-11D3-BF4B-00C04F79EFBC}") = "Business", "Business\Business.csproj", "{57116C08-E2D5-4247-9EEC-8FFC66DAC2EF}"
EndProject
Project("{FAE04EC0-301F-11D3-BF4B-00C04F79EFBC}") = "WebApplication", "WebApplication\WebApplication.csproj", "{28E3E792-CD13-4BDD-8F98-71F481B3BA62}"
EndProject
Global
	GlobalSection(SolutionConfigurationPlatforms) = preSolution
		Debug|Any CPU = Debug|Any CPU
		Release|Any CPU = Release|Any CPU
	EndGlobalSection
	GlobalSection(ProjectConfigurationPlatforms) = postSolution
		{361BC019-DD45-4F6F-819D-699C6EB4B72B}.Debug|Any CPU.ActiveCfg = Debug|Any CPU
		{361BC019-DD45-4F6F-819D-699C6EB4B72B}.Debug|Any CPU.Build.0 = Debug|Any CPU
		{361BC019-DD45-4F6F-819D-699C6EB4B72B}.Release|Any CPU.ActiveCfg = Release|Any CPU
		{361BC019-DD45-4F6F-819D-699C6EB4B72B}.Release|Any CPU.Build.0 = Release|Any CPU
		{126AC443-4C38-49D3-B032-17E4083595C0}.Debug|Any CPU.ActiveCfg = Debug|Any CPU
		{126AC443-4C38-49D3-B032-17E4083595C0}.Debug|Any CPU.Build.0 = Debug|Any CPU
		{126AC443-4C38-49D3-B032-17E4083595C0}.Release|Any CPU.ActiveCfg = Release|Any CPU
		{126AC443-4C38-49D3-B032-17E4083595C0}.Release|Any CPU.Build.0 = Release|Any CPU
		{CDDD6921-971E-434E-B75A-1CEA2F44DE98}.Debug|Any CPU.ActiveCfg = Debug|Any CPU
		{CDDD6921-971E-434E-B75A-1CEA2F44DE98}.Debug|Any CPU.Build.0 = Debug|Any CPU
		{CDDD6921-971E-434E-B75A-1CEA2F44DE98}.Release|Any CPU.ActiveCfg = Release|Any CPU
		{CDDD6921-971E-434E-B75A-1CEA2F44DE98}.Release|Any CPU.Build.0 = Release|Any CPU
		{57116C08-E2D5-4247-9EEC-8FFC66DAC2EF}.Debug|Any CPU.ActiveCfg = Debug|Any CPU
		{57116C08-E2D5-4247-9EEC-8FFC66DAC2EF}.Debug|Any CPU.Build.0 = Debug|Any CPU
		{57116C08-E2D5-4247-9EEC-8FFC66DAC2EF}.Release|Any CPU.ActiveCfg = Release|Any CPU
		{57116C08-E2D5-4247-9EEC-8FFC66DAC2EF}.Release|Any CPU.Build.0 = Release|Any CPU
		{28E3E792-CD13-4BDD-8F98-71F481B3BA62}.Debug|Any CPU.ActiveCfg = Debug|Any CPU
		{28E3E792-CD13-4BDD-8F98-71F481B3BA62}.Debug|Any CPU.Build.0 = Debug|Any CPU
		{28E3E792-CD13-4BDD-8F98-71F481B3BA62}.Release|Any CPU.ActiveCfg = Release|Any CPU
		{28E3E792-CD13-4BDD-8F98-71F481B3BA62}.Release|Any CPU.Build.0 = Release|Any CPU
	EndGlobalSection
EndGlobal
